
Microsoft Visual Studio Solution File, Format Version 12.00
# Visual Studio Version 17
VisualStudioVersion = 17.8.34309.116
MinimumVisualStudioVersion = 10.0.40219.1
Project("{FAE04EC0-301F-11D3-BF4B-00C04F79EFBC}") = "Walk_Places", "Walk_Places\Walk_Places.csproj", "{ED4C0405-C378-4D79-BB65-2E74468C925C}"
EndProject
Global
	GlobalSection(SolutionConfigurationPlatforms) = preSolution
		Debug|Any CPU = Debug|Any CPU
		Release|Any CPU = Release|Any CPU
	EndGlobalSection
	GlobalSection(ProjectConfigurationPlatforms) = postSolution
		{ED4C0405-C378-4D79-BB65-2E74468C925C}.Debug|Any CPU.ActiveCfg = Debug|Any CPU
		{ED4C0405-C378-4D79-BB65-2E74468C925C}.Debug|Any CPU.Build.0 = Debug|Any CPU
		{ED4C0405-C378-4D79-BB65-2E74468C925C}.Release|Any CPU.ActiveCfg = Release|Any CPU
		{ED4C0405-C378-4D79-BB65-2E74468C925C}.Release|Any CPU.Build.0 = Release|Any CPU
	EndGlobalSection
	GlobalSection(SolutionProperties) = preSolution
		HideSolutionNode = FALSE
	EndGlobalSection
	GlobalSection(ExtensibilityGlobals) = postSolution
		SolutionGuid = {2B7D6BF5-F6F1-4F01-9713-ADE4E1A619EA}
	EndGlobalSection
EndGlobal
